
Microsoft Visual Studio Solution File, Format Version 12.00
# Visual Studio Version 17
VisualStudioVersion = 17.9.34701.34
MinimumVisualStudioVersion = 10.0.40219.1
Project("{FAE04EC0-301F-11D3-BF4B-00C04F79EFBC}") = "aplicativoBanco", "aplicativoBanco\aplicativoBanco.csproj", "{BCE24FE9-8A96-4BB5-BDCC-3C53B33BEBA6}"
EndProject
Global
	GlobalSection(SolutionConfigurationPlatforms) = preSolution
		Debug|Any CPU = Debug|Any CPU
		Release|Any CPU = Release|Any CPU
	EndGlobalSection
	GlobalSection(ProjectConfigurationPlatforms) = postSolution
		{BCE24FE9-8A96-4BB5-BDCC-3C53B33BEBA6}.Debug|Any CPU.ActiveCfg = Debug|Any CPU
		{BCE24FE9-8A96-4BB5-BDCC-3C53B33BEBA6}.Debug|Any CPU.Build.0 = Debug|Any CPU
		{BCE24FE9-8A96-4BB5-BDCC-3C53B33BEBA6}.Release|Any CPU.ActiveCfg = Release|Any CPU
		{BCE24FE9-8A96-4BB5-BDCC-3C53B33BEBA6}.Release|Any CPU.Build.0 = Release|Any CPU
	EndGlobalSection
	GlobalSection(SolutionProperties) = preSolution
		HideSolutionNode = FALSE
	EndGlobalSection
	GlobalSection(ExtensibilityGlobals) = postSolution
		SolutionGuid = {BFCFB570-A832-4D20-B9D5-CAC21514CD06}
	EndGlobalSection
EndGlobal
